// !$*UTF8*$!
{
	archiveVersion = 1;
	classes = {
	};
	objectVersion = 46;
	objects = {

/* Begin PBXBuildFile section */
		04C64F8D1B2AA2F800495DF7 /* AppDelegate.swift in Sources */ = {isa = PBXBuildFile; fileRef = 04C64F8C1B2AA2F800495DF7 /* AppDelegate.swift */; };
		04C64F8F1B2AA2F800495DF7 /* ViewController.swift in Sources */ = {isa = PBXBuildFile; fileRef = 04C64F8E1B2AA2F800495DF7 /* ViewController.swift */; };
		04C64F921B2AA2F800495DF7 /* Main.storyboard in Resources */ = {isa = PBXBuildFile; fileRef = 04C64F901B2AA2F800495DF7 /* Main.storyboard */; };
		04C64F941B2AA2F800495DF7 /* Images.xcassets in Resources */ = {isa = PBXBuildFile; fileRef = 04C64F931B2AA2F800495DF7 /* Images.xcassets */; };
		04C64F971B2AA2F800495DF7 /* LaunchScreen.xib in Resources */ = {isa = PBXBuildFile; fileRef = 04C64F951B2AA2F800495DF7 /* LaunchScreen.xib */; };
		04C64FA31B2AA2F900495DF7 /* Loading_ViewTests.swift in Sources */ = {isa = PBXBuildFile; fileRef = 04C64FA21B2AA2F900495DF7 /* Loading_ViewTests.swift */; };
		04C64FAD1B2AA3DE00495DF7 /* homeTargetAcq_circle.png in Resources */ = {isa = PBXBuildFile; fileRef = 04C64FAC1B2AA3DE00495DF7 /* homeTargetAcq_circle.png */; };
/* End PBXBuildFile section */

/* Begin PBXContainerItemProxy section */
		04C64F9D1B2AA2F900495DF7 /* PBXContainerItemProxy */ = {
			isa = PBXContainerItemProxy;
			containerPortal = 04C64F7F1B2AA2F800495DF7 /* Project object */;
			proxyType = 1;
			remoteGlobalIDString = 04C64F861B2AA2F800495DF7;
			remoteInfo = "Loading View";
		};
/* End PBXContainerItemProxy section */

/* Begin PBXFileReference section */
		04C64F871B2AA2F800495DF7 /* Loading View.app */ = {isa = PBXFileReference; explicitFileType = wrapper.application; includeInIndex = 0; path = "Loading View.app"; sourceTree = BUILT_PRODUCTS_DIR; };
		04C64F8B1B2AA2F800495DF7 /* Info.plist */ = {isa = PBXFileReference; lastKnownFileType = text.plist.xml; path = Info.plist; sourceTree = "<group>"; };
		04C64F8C1B2AA2F800495DF7 /* AppDelegate.swift */ = {isa = PBXFileReference; lastKnownFileType = sourcecode.swift; path = AppDelegate.swift; sourceTree = "<group>"; };
		04C64F8E1B2AA2F800495DF7 /* ViewController.swift */ = {isa = PBXFileReference; lastKnownFileType = sourcecode.swift; path = ViewController.swift; sourceTree = "<group>"; };
		04C64F911B2AA2F800495DF7 /* Base */ = {isa = PBXFileReference; lastKnownFileType = file.storyboard; name = Base; path = Base.lproj/Main.storyboard; sourceTree = "<group>"; };
		04C64F931B2AA2F800495DF7 /* Images.xcassets */ = {isa = PBXFileReference; lastKnownFileType = folder.assetcatalog; path = Images.xcassets; sourceTree = "<group>"; };
		04C64F961B2AA2F800495DF7 /* Base */ = {isa = PBXFileReference; lastKnownFileType = file.xib; name = Base; path = Base.lproj/LaunchScreen.xib; sourceTree = "<group>"; };
		04C64F9C1B2AA2F900495DF7 /* Loading ViewTests.xctest */ = {isa = PBXFileReference; explicitFileType = wrapper.cfbundle; includeInIndex = 0; path = "Loading ViewTests.xctest"; sourceTree = BUILT_PRODUCTS_DIR; };
		04C64FA11B2AA2F900495DF7 /* Info.plist */ = {isa = PBXFileReference; lastKnownFileType = text.plist.xml; path = Info.plist; sourceTree = "<group>"; };
		04C64FA21B2AA2F900495DF7 /* Loading_ViewTests.swift */ = {isa = PBXFileReference; lastKnownFileType = sourcecode.swift; path = Loading_ViewTests.swift; sourceTree = "<group>"; };
		04C64FAC1B2AA3DE00495DF7 /* homeTargetAcq_circle.png */ = {isa = PBXFileReference; lastKnownFileType = image.png; path = homeTargetAcq_circle.png; sourceTree = "<group>"; };
/* End PBXFileReference section */

/* Begin PBXFrameworksBuildPhase section */
		04C64F841B2AA2F800495DF7 /* Frameworks */ = {
			isa = PBXFrameworksBuildPhase;
			buildActionMask = 2147483647;
			files = (
			);
			runOnlyForDeploymentPostprocessing = 0;
		};
		04C64F991B2AA2F900495DF7 /* Frameworks */ = {
			isa = PBXFrameworksBuildPhase;
			buildActionMask = 2147483647;
			files = (
			);
			runOnlyForDeploymentPostprocessing = 0;
		};
/* End PBXFrameworksBuildPhase section */

/* Begin PBXGroup section */
		04C64F7E1B2AA2F800495DF7 = {
			isa = PBXGroup;
			children = (
				04C64F891B2AA2F800495DF7 /* Loading View */,
				04C64F9F1B2AA2F900495DF7 /* Loading ViewTests */,
				04C64F881B2AA2F800495DF7 /* Products */,
			);
			sourceTree = "<group>";
		};
		04C64F881B2AA2F800495DF7 /* Products */ = {
			isa = PBXGroup;
			children = (
				04C64F871B2AA2F800495DF7 /* Loading View.app */,
				04C64F9C1B2AA2F900495DF7 /* Loading ViewTests.xctest */,
			);
			name = Products;
			sourceTree = "<group>";
		};
		04C64F891B2AA2F800495DF7 /* Loading View */ = {
			isa = PBXGroup;
			children = (
				04C64F8C1B2AA2F800495DF7 /* AppDelegate.swift */,
				04C64F8E1B2AA2F800495DF7 /* ViewController.swift */,
				04C64F901B2AA2F800495DF7 /* Main.storyboard */,
				04C64F931B2AA2F800495DF7 /* Images.xcassets */,
				04C64F951B2AA2F800495DF7 /* LaunchScreen.xib */,
				04C64FAC1B2AA3DE00495DF7 /* homeTargetAcq_circle.png */,
				04C64F8A1B2AA2F800495DF7 /* Supporting Files */,
			);
			path = "Loading View";
			sourceTree = "<group>";
		};
		04C64F8A1B2AA2F800495DF7 /* Supporting Files */ = {
			isa = PBXGroup;
			children = (
				04C64F8B1B2AA2F800495DF7 /* Info.plist */,
			);
			name = "Supporting Files";
			sourceTree = "<group>";
		};
		04C64F9F1B2AA2F900495DF7 /* Loading ViewTests */ = {
			isa = PBXGroup;
			children = (
				04C64FA21B2AA2F900495DF7 /* Loading_ViewTests.swift */,
				04C64FA01B2AA2F900495DF7 /* Supporting Files */,
			);
			path = "Loading ViewTests";
			sourceTree = "<group>";
		};
		04C64FA01B2AA2F900495DF7 /* Supporting Files */ = {
			isa = PBXGroup;
			children = (
				04C64FA11B2AA2F900495DF7 /* Info.plist */,
			);
			name = "Supporting Files";
			sourceTree = "<group>";
		};
/* End PBXGroup section */

/* Begin PBXNativeTarget section */
		04C64F861B2AA2F800495DF7 /* Loading View */ = {
			isa = PBXNativeTarget;
			buildConfigurationList = 04C64FA61B2AA2F900495DF7 /* Build configuration list for PBXNativeTarget "Loading View" */;
			buildPhases = (
				04C64F831B2AA2F800495DF7 /* Sources */,
				04C64F841B2AA2F800495DF7 /* Frameworks */,
				04C64F851B2AA2F800495DF7 /* Resources */,
			);
			buildRules = (
			);
			dependencies = (
			);
			name = "Loading View";
			productName = "Loading View";
			productReference = 04C64F871B2AA2F800495DF7 /* Loading View.app */;
			productType = "com.apple.product-type.application";
		};
		04C64F9B1B2AA2F900495DF7 /* Loading ViewTests */ = {
			isa = PBXNativeTarget;
			buildConfigurationList = 04C64FA91B2AA2F900495DF7 /* Build configuration list for PBXNativeTarget "Loading ViewTests" */;
			buildPhases = (
				04C64F981B2AA2F900495DF7 /* Sources */,
				04C64F991B2AA2F900495DF7 /* Frameworks */,
				04C64F9A1B2AA2F900495DF7 /* Resources */,
			);
			buildRules = (
			);
			dependencies = (
				04C64F9E1B2AA2F900495DF7 /* PBXTargetDependency */,
			);
			name = "Loading ViewTests";
			productName = "Loading ViewTests";
			productReference = 04C64F9C1B2AA2F900495DF7 /* Loading ViewTests.xctest */;
			productType = "com.apple.product-type.bundle.unit-test";
		};
/* End PBXNativeTarget section */

/* Begin PBXProject section */
		04C64F7F1B2AA2F800495DF7 /* Project object */ = {
			isa = PBXProject;
			attributes = {
				LastUpgradeCheck = 0630;
				ORGANIZATIONNAME = "Variya Soft Solutions";
				TargetAttributes = {
					04C64F861B2AA2F800495DF7 = {
						CreatedOnToolsVersion = 6.3.1;
					};
					04C64F9B1B2AA2F900495DF7 = {
						CreatedOnToolsVersion = 6.3.1;
						TestTargetID = 04C64F861B2AA2F800495DF7;
					};
				};
			};
			buildConfigurationList = 04C64F821B2AA2F800495DF7 /* Build configuration list for PBXProject "Loading View" */;
			compatibilityVersion = "Xcode 3.2";
			developmentRegion = English;
			hasScannedForEncodings = 0;
			knownRegions = (
				en,
				Base,
			);
			mainGroup = 04C64F7E1B2AA2F800495DF7;
			productRefGroup = 04C64F881B2AA2F800495DF7 /* Products */;
			projectDirPath = "";
			projectRoot = "";
			targets = (
				04C64F861B2AA2F800495DF7 /* Loading View */,
				04C64F9B1B2AA2F900495DF7 /* Loading ViewTests */,
			);
		};
/* End PBXProject section */

/* Begin PBXResourcesBuildPhase section */
		04C64F851B2AA2F800495DF7 /* Resources */ = {
			isa = PBXResourcesBuildPhase;
			buildActionMask = 2147483647;
			files = (
				04C64F921B2AA2F800495DF7 /* Main.storyboard in Resources */,
				04C64FAD1B2AA3DE00495DF7 /* homeTargetAcq_circle.png in Resources */,
				04C64F971B2AA2F800495DF7 /* LaunchScreen.xib in Resources */,
				04C64F941B2AA2F800495DF7 /* Images.xcassets in Resources */,
			);
			runOnlyForDeploymentPostprocessing = 0;
		};
		04C64F9A1B2AA2F900495DF7 /* Resources */ = {
			isa = PBXResourcesBuildPhase;
			buildActionMask = 2147483647;
			files = (
			);
			runOnlyForDeploymentPostprocessing = 0;
		};
/* End PBXResourcesBuildPhase section */

/* Begin PBXSourcesBuildPhase section */
		04C64F831B2AA2F800495DF7 /* Sources */ = {
			isa = PBXSourcesBuildPhase;
			buildActionMask = 2147483647;
			files = (
				04C64F8F1B2AA2F800495DF7 /* ViewController.swift in Sources */,
				04C64F8D1B2AA2F800495DF7 /* AppDelegate.swift in Sources */,
			);
			runOnlyForDeploymentPostprocessing = 0;
		};
		04C64F981B2AA2F900495DF7 /* Sources */ = {
			isa = PBXSourcesBuildPhase;
			buildActionMask = 2147483647;
			files = (
				04C64FA31B2AA2F900495DF7 /* Loading_ViewTests.swift in Sources */,
			);
			runOnlyForDeploymentPostprocessing = 0;
		};
/* End PBXSourcesBuildPhase section */

/* Begin PBXTargetDependency section */
		04C64F9E1B2AA2F900495DF7 /* PBXTargetDependency */ = {
			isa = PBXTargetDependency;
			target = 04C64F861B2AA2F800495DF7 /* Loading View */;
			targetProxy = 04C64F9D1B2AA2F900495DF7 /* PBXContainerItemProxy */;
		};
/* End PBXTargetDependency section */

/* Begin PBXVariantGroup section */
		04C64F901B2AA2F800495DF7 /* Main.storyboard */ = {
			isa = PBXVariantGroup;
			children = (
				04C64F911B2AA2F800495DF7 /* Base */,
			);
			name = Main.storyboard;
			sourceTree = "<group>";
		};
		04C64F951B2AA2F800495DF7 /* LaunchScreen.xib */ = {
			isa = PBXVariantGroup;
			children = (
				04C64F961B2AA2F800495DF7 /* Base */,
			);
			name = LaunchScreen.xib;
			sourceTree = "<group>";
		};
/* End PBXVariantGroup section */

/* Begin XCBuildConfiguration section */
		04C64FA41B2AA2F900495DF7 /* Debug */ = {
			isa = XCBuildConfiguration;
			buildSettings = {
				ALWAYS_SEARCH_USER_PATHS = NO;
				CLANG_CXX_LANGUAGE_STANDARD = "gnu++0x";
				CLANG_CXX_LIBRARY = "libc++";
				CLANG_ENABLE_MODULES = YES;
				CLANG_ENABLE_OBJC_ARC = YES;
				CLANG_WARN_BOOL_CONVERSION = YES;
				CLANG_WARN_CONSTANT_CONVERSION = YES;
				CLANG_WARN_DIRECT_OBJC_ISA_USAGE = YES_ERROR;
				CLANG_WARN_EMPTY_BODY = YES;
				CLANG_WARN_ENUM_CONVERSION = YES;
				CLANG_WARN_INT_CONVERSION = YES;
				CLANG_WARN_OBJC_ROOT_CLASS = YES_ERROR;
				CLANG_WARN_UNREACHABLE_CODE = YES;
				CLANG_WARN__DUPLICATE_METHOD_MATCH = YES;
				"CODE_SIGN_IDENTITY[sdk=iphoneos*]" = "iPhone Developer";
				COPY_PHASE_STRIP = NO;
				DEBUG_INFORMATION_FORMAT = "dwarf-with-dsym";
				ENABLE_STRICT_OBJC_MSGSEND = YES;
				GCC_C_LANGUAGE_STANDARD = gnu99;
				GCC_DYNAMIC_NO_PIC = NO;
				GCC_NO_COMMON_BLOCKS = YES;
				GCC_OPTIMIZATION_LEVEL = 0;
				GCC_PREPROCESSOR_DEFINITIONS = (
					"DEBUG=1",
					"$(inherited)",
				);
				GCC_SYMBOLS_PRIVATE_EXTERN = NO;
				GCC_WARN_64_TO_32_BIT_CONVERSION = YES;
				GCC_WARN_ABOUT_RETURN_TYPE = YES_ERROR;
				GCC_WARN_UNDECLARED_SELECTOR = YES;
				GCC_WARN_UNINITIALIZED_AUTOS = YES_AGGRESSIVE;
				GCC_WARN_UNUSED_FUNCTION = YES;
				GCC_WARN_UNUSED_VARIABLE = YES;
				IPHONEOS_DEPLOYMENT_TARGET = 8.3;
				MTL_ENABLE_DEBUG_INFO = YES;
				ONLY_ACTIVE_ARCH = YES;
				SDKROOT = iphoneos;
				SWIFT_OPTIMIZATION_LEVEL = "-Onone";
				TARGETED_DEVICE_FAMILY = "1,2";
			};
			name = Debug;
		};
		04C64FA51B2AA2F900495DF7 /* Release */ = {
			isa = XCBuildConfiguration;
			buildSettings = {
				ALWAYS_SEARCH_USER_PATHS = NO;
				CLANG_CXX_LANGUAGE_STANDARD = "gnu++0x";
				CLANG_CXX_LIBRARY = "libc++";
				CLANG_ENABLE_MODULES = YES;
				CLANG_ENABLE_OBJC_ARC = YES;
				CLANG_WARN_BOOL_CONVERSION = YES;
				CLANG_WARN_CONSTANT_CONVERSION = YES;
				CLANG_WARN_DIRECT_OBJC_ISA_USAGE = YES_ERROR;
				CLANG_WARN_EMPTY_BODY = YES;
				CLANG_WARN_ENUM_CONVERSION = YES;
				CLANG_WARN_INT_CONVERSION = YES;
				CLANG_WARN_OBJC_ROOT_CLASS = YES_ERROR;
				CLANG_WARN_UNREACHABLE_CODE = YES;
				CLANG_WARN__DUPLICATE_METHOD_MATCH = YES;
				"CODE_SIGN_IDENTITY[sdk=iphoneos*]" = "iPhone Developer";
				COPY_PHASE_STRIP = NO;
				DEBUG_INFORMATION_FORMAT = "dwarf-with-dsym";
				ENABLE_NS_ASSERTIONS = NO;
				ENABLE_STRICT_OBJC_MSGSEND = YES;
				GCC_C_LANGUAGE_STANDARD = gnu99;
				GCC_NO_COMMON_BLOCKS = YES;
				GCC_WARN_64_TO_32_BIT_CONVERSION = YES;
				GCC_WARN_ABOUT_RETURN_TYPE = YES_ERROR;
				GCC_WARN_UNDECLARED_SELECTOR = YES;
				GCC_WARN_UNINITIALIZED_AUTOS = YES_AGGRESSIVE;
				GCC_WARN_UNUSED_FUNCTION = YES;
				GCC_WARN_UNUSED_VARIABLE = YES;
				IPHONEOS_DEPLOYMENT_TARGET = 8.3;
				MTL_ENABLE_DEBUG_INFO = NO;
				SDKROOT = iphoneos;
				TARGETED_DEVICE_FAMILY = "1,2";
				VALIDATE_PRODUCT = YES;
			};
			name = Release;
		};
		04C64FA71B2AA2F900495DF7 /* Debug */ = {
			isa = XCBuildConfiguration;
			buildSettings = {
				ASSETCATALOG_COMPILER_APPICON_NAME = AppIcon;
				INFOPLIST_FILE = "Loading View/Info.plist";
				LD_RUNPATH_SEARCH_PATHS = "$(inherited) @executable_path/Frameworks";
				PRODUCT_NAME = "$(TARGET_NAME)";
			};
			name = Debug;
		};
		04C64FA81B2AA2F900495DF7 /* Release */ = {
			isa = XCBuildConfiguration;
			buildSettings = {
				ASSETCATALOG_COMPILER_APPICON_NAME = AppIcon;
				INFOPLIST_FILE = "Loading View/Info.plist";
				LD_RUNPATH_SEARCH_PATHS = "$(inherited) @executable_path/Frameworks";
				PRODUCT_NAME = "$(TARGET_NAME)";
			};
			name = Release;
		};
		04C64FAA1B2AA2F900495DF7 /* Debug */ = {
			isa = XCBuildConfiguration;
			buildSettings = {
				BUNDLE_LOADER = "$(TEST_HOST)";
				FRAMEWORK_SEARCH_PATHS = (
					"$(SDKROOT)/Developer/Library/Frameworks",
					"$(inherited)",
				);
				GCC_PREPROCESSOR_DEFINITIONS = (
					"DEBUG=1",
					"$(inherited)",
				);
				INFOPLIST_FILE = "Loading ViewTests/Info.plist";
				LD_RUNPATH_SEARCH_PATHS = "$(inherited) @executable_path/Frameworks @loader_path/Frameworks";
				PRODUCT_NAME = "$(TARGET_NAME)";
				TEST_HOST = "$(BUILT_PRODUCTS_DIR)/Loading View.app/Loading View";
			};
			name = Debug;
		};
		04C64FAB1B2AA2F900495DF7 /* Release */ = {
			isa = XCBuildConfiguration;
			buildSettings = {
				BUNDLE_LOADER = "$(TEST_HOST)";
				FRAMEWORK_SEARCH_PATHS = (
					"$(SDKROOT)/Developer/Library/Frameworks",
					"$(inherited)",
				);
				INFOPLIST_FILE = "Loading ViewTests/Info.plist";
				LD_RUNPATH_SEARCH_PATHS = "$(inherited) @executable_path/Frameworks @loader_path/Frameworks";
				PRODUCT_NAME = "$(TARGET_NAME)";
				TEST_HOST = "$(BUILT_PRODUCTS_DIR)/Loading View.app/Loading View";
			};
			name = Release;
		};
/* End XCBuildConfiguration section */

/* Begin XCConfigurationList section */
		04C64F821B2AA2F800495DF7 /* Build configuration list for PBXProject "Loading View" */ = {
			isa = XCConfigurationList;
			buildConfigurations = (
				04C64FA41B2AA2F900495DF7 /* Debug */,
				04C64FA51B2AA2F900495DF7 /* Release */,
			);
			defaultConfigurationIsVisible = 0;
			defaultConfigurationName = Release;
		};
		04C64FA61B2AA2F900495DF7 /* Build configuration list for PBXNativeTarget "Loading View" */ = {
			isa = XCConfigurationList;
			buildConfigurations = (
				04C64FA71B2AA2F900495DF7 /* Debug */,
				04C64FA81B2AA2F900495DF7 /* Release */,
			);
			defaultConfigurationIsVisible = 0;
		};
		04C64FA91B2AA2F900495DF7 /* Build configuration list for PBXNativeTarget "Loading ViewTests" */ = {
			isa = XCConfigurationList;
			buildConfigurations = (
				04C64FAA1B2AA2F900495DF7 /* Debug */,
				04C64FAB1B2AA2F900495DF7 /* Release */,
			);
			defaultConfigurationIsVisible = 0;
		};
/* End XCConfigurationList section */
	};
	rootObject = 04C64F7F1B2AA2F800495DF7 /* Project object */;
}
